
Microsoft Visual Studio Solution File, Format Version 12.00
# Visual Studio Version 17
VisualStudioVersion = 17.7.34024.191
MinimumVisualStudioVersion = 10.0.40219.1
Project("{2150E333-8FDC-42A3-9474-1A3956D46DE8}") = "Task0", "Task0", "{AF4C2419-BA12-416F-B94F-A8DA35A79E1B}"
EndProject
Project("{FAE04EC0-301F-11D3-BF4B-00C04F79EFBC}") = "Tyuiu.KosovAS.Sprint2.Task0.V29", "Tyuiu.KosovAS.Sprint2.Task0.V29\Tyuiu.KosovAS.Sprint2.Task0.V29.csproj", "{78A2F752-1CA4-4683-A537-C51DB6E59EB0}"
EndProject
Project("{FAE04EC0-301F-11D3-BF4B-00C04F79EFBC}") = "Tyuiu.KosovAS.Sprint2.Task0.V29.Lib", "Tyuiu.KosovAS.Sprint2.Task0.V29.Lib\Tyuiu.KosovAS.Sprint2.Task0.V29.Lib.csproj", "{4AA25E9E-1F5B-4A73-8DD6-0953D7894FE6}"
EndProject
Project("{FAE04EC0-301F-11D3-BF4B-00C04F79EFBC}") = "Tyuiu.KosovAS.Sprint2.Task0.V29.Test", "Tyuiu.KosovAS.Sprint2.Task0.V29.Test\Tyuiu.KosovAS.Sprint2.Task0.V29.Test.csproj", "{B2A07A89-959F-4812-B72F-D0E8239E3A36}"
EndProject
Project("{2150E333-8FDC-42A3-9474-1A3956D46DE8}") = "Task1", "Task1", "{75217988-097A-4499-B442-E7E11F8718ED}"
EndProject
Project("{FAE04EC0-301F-11D3-BF4B-00C04F79EFBC}") = "Tyuiu.KosovAS.Sprint2.Task1.V16", "Tyuiu.KosovAS.Sprint2.Task1.V16\Tyuiu.KosovAS.Sprint2.Task1.V16.csproj", "{E9295A53-B8D1-4BC6-AB48-B28F34D38DB6}"
EndProject
Project("{FAE04EC0-301F-11D3-BF4B-00C04F79EFBC}") = "Tyuiu.KosovAS.Sprint2.Task1.V16.Lib", "Tyuiu.KosovAS.Sprint2.Task1.V16.Lib\Tyuiu.KosovAS.Sprint2.Task1.V16.Lib.csproj", "{00A81488-391D-47D9-A1C1-04A42DC5EF14}"
EndProject
Project("{FAE04EC0-301F-11D3-BF4B-00C04F79EFBC}") = "Tyuiu.KosovAS.Sprint2.Task1.V16.Test", "Tyuiu.KosovAS.Sprint2.Task1.V16.Test\Tyuiu.KosovAS.Sprint2.Task1.V16.Test.csproj", "{69810C2C-36FB-4F20-98EF-C1F41CC1D4F6}"
EndProject
Project("{2150E333-8FDC-42A3-9474-1A3956D46DE8}") = "Task2", "Task2", "{05B9CB37-4218-4E5D-9DCA-4CC62E2AAA76}"
EndProject
Project("{FAE04EC0-301F-11D3-BF4B-00C04F79EFBC}") = "Tyuiu.KosovAS.Sprint2.Task2.V25", "Tyuiu.KosovAS.Sprint2.Task2.V25\Tyuiu.KosovAS.Sprint2.Task2.V25.csproj", "{9926D360-0452-4D12-8E93-774DCCC98530}"
EndProject
Project("{FAE04EC0-301F-11D3-BF4B-00C04F79EFBC}") = "Tyuiu.KosovAS.Sprint2.Task2.V25.Lib", "Tyuiu.KosovAS.Sprint2.Task2.V25.Lib\Tyuiu.KosovAS.Sprint2.Task2.V25.Lib.csproj", "{C81D9520-86D9-4E07-A084-398A651AC730}"
EndProject
Project("{FAE04EC0-301F-11D3-BF4B-00C04F79EFBC}") = "Tyuiu.KosovAS.Sprint2.Task2.V25.Test", "Tyuiu.KosovAS.Sprint2.Task2.V25.Test\Tyuiu.KosovAS.Sprint2.Task2.V25.Test.csproj", "{CEC65E87-C655-4DF7-8B71-8E86EAA9D8E4}"
EndProject
Project("{2150E333-8FDC-42A3-9474-1A3956D46DE8}") = "Task3", "Task3", "{94AFDE36-2BD2-4519-AED8-DC67CF421522}"
EndProject
Project("{FAE04EC0-301F-11D3-BF4B-00C04F79EFBC}") = "Tyuiu.KosovAS.Sprint2.Task3.V15", "Tyuiu.KosovAS.Sprint2.Task3.V15\Tyuiu.KosovAS.Sprint2.Task3.V15.csproj", "{C77DF15B-2538-4133-8C64-5B37B255E62A}"
EndProject
Project("{FAE04EC0-301F-11D3-BF4B-00C04F79EFBC}") = "Tyuiu.KosovAS.Sprint2.Task3.V15.Lib", "Tyuiu.KosovAS.Sprint2.Task3.V15.Lib\Tyuiu.KosovAS.Sprint2.Task3.V15.Lib.csproj", "{55296926-7FA3-4398-869E-C575D31BC239}"
EndProject
Project("{FAE04EC0-301F-11D3-BF4B-00C04F79EFBC}") = "Tyuiu.KosovAS.Sprint2.Task3.V15.Test", "Tyuiu.KosovAS.Sprint2.Task3.V15.Test\Tyuiu.KosovAS.Sprint2.Task3.V15.Test.csproj", "{9CA16935-8577-4C6A-9856-CA7BF4299AEB}"
EndProject
Project("{2150E333-8FDC-42A3-9474-1A3956D46DE8}") = "Task4", "Task4", "{61065700-023F-4CAF-BE15-5554D9DB039A}"
EndProject
Project("{FAE04EC0-301F-11D3-BF4B-00C04F79EFBC}") = "Tyuiu.KosovAS.Sprint2.Task4.V4", "Tyuiu.KosovAS.Sprint2.Task4.V4\Tyuiu.KosovAS.Sprint2.Task4.V4.csproj", "{BC01E8C4-47C8-413A-8D12-F47661871A7F}"
EndProject
Project("{FAE04EC0-301F-11D3-BF4B-00C04F79EFBC}") = "Tyuiu.KosovAS.Sprint2.Task4.V4.Lib", "Tyuiu.KosovAS.Sprint2.Task4.V4.Lib\Tyuiu.KosovAS.Sprint2.Task4.V4.Lib.csproj", "{107632D7-6DC2-4AFA-97DC-E5E7DDBE665E}"
EndProject
Project("{FAE04EC0-301F-11D3-BF4B-00C04F79EFBC}") = "Tyuiu.KosovAS.Sprint2.Task4.V4.Test", "Tyuiu.KosovAS.Sprint2.Task4.V4.Test\Tyuiu.KosovAS.Sprint2.Task4.V4.Test.csproj", "{1FFF16DF-81D5-47E4-B72A-803FC575B2DB}"
EndProject
Project("{2150E333-8FDC-42A3-9474-1A3956D46DE8}") = "Task5", "Task5", "{1C3072E0-639D-48E9-A086-537A7F47CF4E}"
EndProject
Project("{FAE04EC0-301F-11D3-BF4B-00C04F79EFBC}") = "Tyuiu.KosovAS.Sprint2.Task5.V7", "Tyuiu.KosovAS.Sprint2.Task5.V7\Tyuiu.KosovAS.Sprint2.Task5.V7.csproj", "{4AA6F851-C6CE-461A-8FFD-6203E18333D2}"
EndProject
Project("{FAE04EC0-301F-11D3-BF4B-00C04F79EFBC}") = "Tyuiu.KosovAS.Sprint2.Task5.V7.Lib", "Tyuiu.KosovAS.Sprint2.Task5.V7.Lib\Tyuiu.KosovAS.Sprint2.Task5.V7.Lib.csproj", "{CEEEE9D8-ED55-4C3F-B6E6-76744D19FA79}"
EndProject
Project("{FAE04EC0-301F-11D3-BF4B-00C04F79EFBC}") = "Tyuiu.KosovAS.Sprint2.Task5.V7.Test", "Tyuiu.KosovAS.Sprint2.Task5.V7.Test\Tyuiu.KosovAS.Sprint2.Task5.V7.Test.csproj", "{CF524C10-6889-441A-BC16-A7BD0D520DE4}"
EndProject
Project("{2150E333-8FDC-42A3-9474-1A3956D46DE8}") = "Task6", "Task6", "{0616BF2D-9BF3-427A-BACD-501D9E94541D}"
EndProject
Project("{FAE04EC0-301F-11D3-BF4B-00C04F79EFBC}") = "Tyuiu.KosovAS.Sprint2.Task6.V15", "Tyuiu.KosovAS.Sprint2.Task6.V15\Tyuiu.KosovAS.Sprint2.Task6.V15.csproj", "{E5FAB3EA-2AC5-4CA8-A3C9-F23059249651}"
EndProject
Project("{FAE04EC0-301F-11D3-BF4B-00C04F79EFBC}") = "Tyuiu.KosovAS.Sprint2.Task6.V15.Lib", "Tyuiu.KosovAS.Sprint2.Task6.V15.Lib\Tyuiu.KosovAS.Sprint2.Task6.V15.Lib.csproj", "{3F28E999-7B44-4D39-B3DA-D0A8E69307DB}"
EndProject
Project("{FAE04EC0-301F-11D3-BF4B-00C04F79EFBC}") = "Tyuiu.KosovAS.Sprint2.Task6.V15.Test", "Tyuiu.KosovAS.Sprint2.Task6.V15.Test\Tyuiu.KosovAS.Sprint2.Task6.V15.Test.csproj", "{FE4A3E39-6D67-4E27-AD3E-774C066CFF9C}"
EndProject
Global
	GlobalSection(SolutionConfigurationPlatforms) = preSolution
		Debug|Any CPU = Debug|Any CPU
		Release|Any CPU = Release|Any CPU
	EndGlobalSection
	GlobalSection(ProjectConfigurationPlatforms) = postSolution
		{78A2F752-1CA4-4683-A537-C51DB6E59EB0}.Debug|Any CPU.ActiveCfg = Debug|Any CPU
		{78A2F752-1CA4-4683-A537-C51DB6E59EB0}.Debug|Any CPU.Build.0 = Debug|Any CPU
		{78A2F752-1CA4-4683-A537-C51DB6E59EB0}.Release|Any CPU.ActiveCfg = Release|Any CPU
		{78A2F752-1CA4-4683-A537-C51DB6E59EB0}.Release|Any CPU.Build.0 = Release|Any CPU
		{4AA25E9E-1F5B-4A73-8DD6-0953D7894FE6}.Debug|Any CPU.ActiveCfg = Debug|Any CPU
		{4AA25E9E-1F5B-4A73-8DD6-0953D7894FE6}.Debug|Any CPU.Build.0 = Debug|Any CPU
		{4AA25E9E-1F5B-4A73-8DD6-0953D7894FE6}.Release|Any CPU.ActiveCfg = Release|Any CPU
		{4AA25E9E-1F5B-4A73-8DD6-0953D7894FE6}.Release|Any CPU.Build.0 = Release|Any CPU
		{B2A07A89-959F-4812-B72F-D0E8239E3A36}.Debug|Any CPU.ActiveCfg = Debug|Any CPU
		{B2A07A89-959F-4812-B72F-D0E8239E3A36}.Debug|Any CPU.Build.0 = Debug|Any CPU
		{B2A07A89-959F-4812-B72F-D0E8239E3A36}.Release|Any CPU.ActiveCfg = Release|Any CPU
		{B2A07A89-959F-4812-B72F-D0E8239E3A36}.Release|Any CPU.Build.0 = Release|Any CPU
		{E9295A53-B8D1-4BC6-AB48-B28F34D38DB6}.Debug|Any CPU.ActiveCfg = Debug|Any CPU
		{E9295A53-B8D1-4BC6-AB48-B28F34D38DB6}.Debug|Any CPU.Build.0 = Debug|Any CPU
		{E9295A53-B8D1-4BC6-AB48-B28F34D38DB6}.Release|Any CPU.ActiveCfg = Release|Any CPU
		{E9295A53-B8D1-4BC6-AB48-B28F34D38DB6}.Release|Any CPU.Build.0 = Release|Any CPU
		{00A81488-391D-47D9-A1C1-04A42DC5EF14}.Debug|Any CPU.ActiveCfg = Debug|Any CPU
		{00A81488-391D-47D9-A1C1-04A42DC5EF14}.Debug|Any CPU.Build.0 = Debug|Any CPU
		{00A81488-391D-47D9-A1C1-04A42DC5EF14}.Release|Any CPU.ActiveCfg = Release|Any CPU
		{00A81488-391D-47D9-A1C1-04A42DC5EF14}.Release|Any CPU.Build.0 = Release|Any CPU
		{69810C2C-36FB-4F20-98EF-C1F41CC1D4F6}.Debug|Any CPU.ActiveCfg = Debug|Any CPU
		{69810C2C-36FB-4F20-98EF-C1F41CC1D4F6}.Debug|Any CPU.Build.0 = Debug|Any CPU
		{69810C2C-36FB-4F20-98EF-C1F41CC1D4F6}.Release|Any CPU.ActiveCfg = Release|Any CPU
		{69810C2C-36FB-4F20-98EF-C1F41CC1D4F6}.Release|Any CPU.Build.0 = Release|Any CPU
		{9926D360-0452-4D12-8E93-774DCCC98530}.Debug|Any CPU.ActiveCfg = Debug|Any CPU
		{9926D360-0452-4D12-8E93-774DCCC98530}.Debug|Any CPU.Build.0 = Debug|Any CPU
		{9926D360-0452-4D12-8E93-774DCCC98530}.Release|Any CPU.ActiveCfg = Release|Any CPU
		{9926D360-0452-4D12-8E93-774DCCC98530}.Release|Any CPU.Build.0 = Release|Any CPU
		{C81D9520-86D9-4E07-A084-398A651AC730}.Debug|Any CPU.ActiveCfg = Debug|Any CPU
		{C81D9520-86D9-4E07-A084-398A651AC730}.Debug|Any CPU.Build.0 = Debug|Any CPU
		{C81D9520-86D9-4E07-A084-398A651AC730}.Release|Any CPU.ActiveCfg = Release|Any CPU
		{C81D9520-86D9-4E07-A084-398A651AC730}.Release|Any CPU.Build.0 = Release|Any CPU
		{CEC65E87-C655-4DF7-8B71-8E86EAA9D8E4}.Debug|Any CPU.ActiveCfg = Debug|Any CPU
		{CEC65E87-C655-4DF7-8B71-8E86EAA9D8E4}.Debug|Any CPU.Build.0 = Debug|Any CPU
		{CEC65E87-C655-4DF7-8B71-8E86EAA9D8E4}.Release|Any CPU.ActiveCfg = Release|Any CPU
		{CEC65E87-C655-4DF7-8B71-8E86EAA9D8E4}.Release|Any CPU.Build.0 = Release|Any CPU
		{C77DF15B-2538-4133-8C64-5B37B255E62A}.Debug|Any CPU.ActiveCfg = Debug|Any CPU
		{C77DF15B-2538-4133-8C64-5B37B255E62A}.Debug|Any CPU.Build.0 = Debug|Any CPU
		{C77DF15B-2538-4133-8C64-5B37B255E62A}.Release|Any CPU.ActiveCfg = Release|Any CPU
		{C77DF15B-2538-4133-8C64-5B37B255E62A}.Release|Any CPU.Build.0 = Release|Any CPU
		{55296926-7FA3-4398-869E-C575D31BC239}.Debug|Any CPU.ActiveCfg = Debug|Any CPU
		{55296926-7FA3-4398-869E-C575D31BC239}.Debug|Any CPU.Build.0 = Debug|Any CPU
		{55296926-7FA3-4398-869E-C575D31BC239}.Release|Any CPU.ActiveCfg = Release|Any CPU
		{55296926-7FA3-4398-869E-C575D31BC239}.Release|Any CPU.Build.0 = Release|Any CPU
		{9CA16935-8577-4C6A-9856-CA7BF4299AEB}.Debug|Any CPU.ActiveCfg = Debug|Any CPU
		{9CA16935-8577-4C6A-9856-CA7BF4299AEB}.Debug|Any CPU.Build.0 = Debug|Any CPU
		{9CA16935-8577-4C6A-9856-CA7BF4299AEB}.Release|Any CPU.ActiveCfg = Release|Any CPU
		{9CA16935-8577-4C6A-9856-CA7BF4299AEB}.Release|Any CPU.Build.0 = Release|Any CPU
		{BC01E8C4-47C8-413A-8D12-F47661871A7F}.Debug|Any CPU.ActiveCfg = Debug|Any CPU
		{BC01E8C4-47C8-413A-8D12-F47661871A7F}.Debug|Any CPU.Build.0 = Debug|Any CPU
		{BC01E8C4-47C8-413A-8D12-F47661871A7F}.Release|Any CPU.ActiveCfg = Release|Any CPU
		{BC01E8C4-47C8-413A-8D12-F47661871A7F}.Release|Any CPU.Build.0 = Release|Any CPU
		{107632D7-6DC2-4AFA-97DC-E5E7DDBE665E}.Debug|Any CPU.ActiveCfg = Debug|Any CPU
		{107632D7-6DC2-4AFA-97DC-E5E7DDBE665E}.Debug|Any CPU.Build.0 = Debug|Any CPU
		{107632D7-6DC2-4AFA-97DC-E5E7DDBE665E}.Release|Any CPU.ActiveCfg = Release|Any CPU
		{107632D7-6DC2-4AFA-97DC-E5E7DDBE665E}.Release|Any CPU.Build.0 = Release|Any CPU
		{1FFF16DF-81D5-47E4-B72A-803FC575B2DB}.Debug|Any CPU.ActiveCfg = Debug|Any CPU
		{1FFF16DF-81D5-47E4-B72A-803FC575B2DB}.Debug|Any CPU.Build.0 = Debug|Any CPU
		{1FFF16DF-81D5-47E4-B72A-803FC575B2DB}.Release|Any CPU.ActiveCfg = Release|Any CPU
		{1FFF16DF-81D5-47E4-B72A-803FC575B2DB}.Release|Any CPU.Build.0 = Release|Any CPU
		{4AA6F851-C6CE-461A-8FFD-6203E18333D2}.Debug|Any CPU.ActiveCfg = Debug|Any CPU
		{4AA6F851-C6CE-461A-8FFD-6203E18333D2}.Debug|Any CPU.Build.0 = Debug|Any CPU
		{4AA6F851-C6CE-461A-8FFD-6203E18333D2}.Release|Any CPU.ActiveCfg = Release|Any CPU
		{4AA6F851-C6CE-461A-8FFD-6203E18333D2}.Release|Any CPU.Build.0 = Release|Any CPU
		{CEEEE9D8-ED55-4C3F-B6E6-76744D19FA79}.Debug|Any CPU.ActiveCfg = Debug|Any CPU
		{CEEEE9D8-ED55-4C3F-B6E6-76744D19FA79}.Debug|Any CPU.Build.0 = Debug|Any CPU
		{CEEEE9D8-ED55-4C3F-B6E6-76744D19FA79}.Release|Any CPU.ActiveCfg = Release|Any CPU
		{CEEEE9D8-ED55-4C3F-B6E6-76744D19FA79}.Release|Any CPU.Build.0 = Release|Any CPU
		{CF524C10-6889-441A-BC16-A7BD0D520DE4}.Debug|Any CPU.ActiveCfg = Debug|Any CPU
		{CF524C10-6889-441A-BC16-A7BD0D520DE4}.Debug|Any CPU.Build.0 = Debug|Any CPU
		{CF524C10-6889-441A-BC16-A7BD0D520DE4}.Release|Any CPU.ActiveCfg = Release|Any CPU
		{CF524C10-6889-441A-BC16-A7BD0D520DE4}.Release|Any CPU.Build.0 = Release|Any CPU
		{E5FAB3EA-2AC5-4CA8-A3C9-F23059249651}.Debug|Any CPU.ActiveCfg = Debug|Any CPU
		{E5FAB3EA-2AC5-4CA8-A3C9-F23059249651}.Debug|Any CPU.Build.0 = Debug|Any CPU
		{E5FAB3EA-2AC5-4CA8-A3C9-F23059249651}.Release|Any CPU.ActiveCfg = Release|Any CPU
		{E5FAB3EA-2AC5-4CA8-A3C9-F23059249651}.Release|Any CPU.Build.0 = Release|Any CPU
		{3F28E999-7B44-4D39-B3DA-D0A8E69307DB}.Debug|Any CPU.ActiveCfg = Debug|Any CPU
		{3F28E999-7B44-4D39-B3DA-D0A8E69307DB}.Debug|Any CPU.Build.0 = Debug|Any CPU
		{3F28E999-7B44-4D39-B3DA-D0A8E69307DB}.Release|Any CPU.ActiveCfg = Release|Any CPU
		{3F28E999-7B44-4D39-B3DA-D0A8E69307DB}.Release|Any CPU.Build.0 = Release|Any CPU
		{FE4A3E39-6D67-4E27-AD3E-774C066CFF9C}.Debug|Any CPU.ActiveCfg = Debug|Any CPU
		{FE4A3E39-6D67-4E27-AD3E-774C066CFF9C}.Debug|Any CPU.Build.0 = Debug|Any CPU
		{FE4A3E39-6D67-4E27-AD3E-774C066CFF9C}.Release|Any CPU.ActiveCfg = Release|Any CPU
		{FE4A3E39-6D67-4E27-AD3E-774C066CFF9C}.Release|Any CPU.Build.0 = Release|Any CPU
	EndGlobalSection
	GlobalSection(SolutionProperties) = preSolution
		HideSolutionNode = FALSE
	EndGlobalSection
	GlobalSection(NestedProjects) = preSolution
		{78A2F752-1CA4-4683-A537-C51DB6E59EB0} = {AF4C2419-BA12-416F-B94F-A8DA35A79E1B}
		{4AA25E9E-1F5B-4A73-8DD6-0953D7894FE6} = {AF4C2419-BA12-416F-B94F-A8DA35A79E1B}
		{B2A07A89-959F-4812-B72F-D0E8239E3A36} = {AF4C2419-BA12-416F-B94F-A8DA35A79E1B}
		{E9295A53-B8D1-4BC6-AB48-B28F34D38DB6} = {75217988-097A-4499-B442-E7E11F8718ED}
		{00A81488-391D-47D9-A1C1-04A42DC5EF14} = {75217988-097A-4499-B442-E7E11F8718ED}
		{69810C2C-36FB-4F20-98EF-C1F41CC1D4F6} = {75217988-097A-4499-B442-E7E11F8718ED}
		{9926D360-0452-4D12-8E93-774DCCC98530} = {05B9CB37-4218-4E5D-9DCA-4CC62E2AAA76}
		{C81D9520-86D9-4E07-A084-398A651AC730} = {05B9CB37-4218-4E5D-9DCA-4CC62E2AAA76}
		{CEC65E87-C655-4DF7-8B71-8E86EAA9D8E4} = {05B9CB37-4218-4E5D-9DCA-4CC62E2AAA76}
		{C77DF15B-2538-4133-8C64-5B37B255E62A} = {94AFDE36-2BD2-4519-AED8-DC67CF421522}
		{55296926-7FA3-4398-869E-C575D31BC239} = {94AFDE36-2BD2-4519-AED8-DC67CF421522}
		{9CA16935-8577-4C6A-9856-CA7BF4299AEB} = {94AFDE36-2BD2-4519-AED8-DC67CF421522}
		{BC01E8C4-47C8-413A-8D12-F47661871A7F} = {61065700-023F-4CAF-BE15-5554D9DB039A}
		{107632D7-6DC2-4AFA-97DC-E5E7DDBE665E} = {61065700-023F-4CAF-BE15-5554D9DB039A}
		{1FFF16DF-81D5-47E4-B72A-803FC575B2DB} = {61065700-023F-4CAF-BE15-5554D9DB039A}
		{4AA6F851-C6CE-461A-8FFD-6203E18333D2} = {1C3072E0-639D-48E9-A086-537A7F47CF4E}
		{CEEEE9D8-ED55-4C3F-B6E6-76744D19FA79} = {1C3072E0-639D-48E9-A086-537A7F47CF4E}
		{CF524C10-6889-441A-BC16-A7BD0D520DE4} = {1C3072E0-639D-48E9-A086-537A7F47CF4E}
		{E5FAB3EA-2AC5-4CA8-A3C9-F23059249651} = {0616BF2D-9BF3-427A-BACD-501D9E94541D}
		{3F28E999-7B44-4D39-B3DA-D0A8E69307DB} = {0616BF2D-9BF3-427A-BACD-501D9E94541D}
		{FE4A3E39-6D67-4E27-AD3E-774C066CFF9C} = {0616BF2D-9BF3-427A-BACD-501D9E94541D}
	EndGlobalSection
	GlobalSection(ExtensibilityGlobals) = postSolution
		SolutionGuid = {B96AC813-7C03-4862-8354-0D70F2D7073E}
	EndGlobalSection
EndGlobal
